
Microsoft Visual Studio Solution File, Format Version 12.00
# Visual Studio Version 17
VisualStudioVersion = 17.11.35312.102
MinimumVisualStudioVersion = 10.0.40219.1
Project("{FAE04EC0-301F-11D3-BF4B-00C04F79EFBC}") = "Social_network", "Social_network\Social_network.csproj", "{38D28799-3302-4F66-99C7-982107FC7D3D}"
EndProject
Global
	GlobalSection(SolutionConfigurationPlatforms) = preSolution
		Debug|Any CPU = Debug|Any CPU
		Release|Any CPU = Release|Any CPU
	EndGlobalSection
	GlobalSection(ProjectConfigurationPlatforms) = postSolution
		{38D28799-3302-4F66-99C7-982107FC7D3D}.Debug|Any CPU.ActiveCfg = Debug|Any CPU
		{38D28799-3302-4F66-99C7-982107FC7D3D}.Debug|Any CPU.Build.0 = Debug|Any CPU
		{38D28799-3302-4F66-99C7-982107FC7D3D}.Release|Any CPU.ActiveCfg = Release|Any CPU
		{38D28799-3302-4F66-99C7-982107FC7D3D}.Release|Any CPU.Build.0 = Release|Any CPU
	EndGlobalSection
	GlobalSection(SolutionProperties) = preSolution
		HideSolutionNode = FALSE
	EndGlobalSection
	GlobalSection(ExtensibilityGlobals) = postSolution
		SolutionGuid = {BE21EFD7-F6E8-4D80-985D-526FA2D64FF6}
	EndGlobalSection
EndGlobal
